{
  "projects": [
    {
      "projectId": "e3ViewYvztDa9TzbxJa8p5",
      "version": "latest",
      "dependencies": {},
      "lang": "ts",
      "fileLocks": [
        {
          "type": "globalVariant",
          "assetId": "t2ldb_TGTBhCe",
          "checksum": "106d3f76a2145ea5df925cf89d8cfb71"
        },
        {
          "assetId": "e3ViewYvztDa9TzbxJa8p5",
          "type": "projectCss",
          "checksum": "1097f39a73d17fbf942bf039421272f4"
        },
        {
          "type": "renderModule",
          "assetId": "Us73fwzZ5rF2",
          "checksum": "e487f1d68c0832bd0ecea4d84bf4c8a8"
        },
        {
          "type": "cssRules",
          "assetId": "Us73fwzZ5rF2",
          "checksum": "e487f1d68c0832bd0ecea4d84bf4c8a8"
        },
        {
          "type": "renderModule",
          "assetId": "NtTkU8G_7b",
          "checksum": "4f39870e3b22efeae1b33edd5a8f43f9"
        },
        {
          "type": "cssRules",
          "assetId": "NtTkU8G_7b",
          "checksum": "4f39870e3b22efeae1b33edd5a8f43f9"
        },
        {
          "type": "renderModule",
          "assetId": "qPb2JbResH",
          "checksum": "0386b6b3d08105de89c6d46cf309f8f4"
        },
        {
          "type": "cssRules",
          "assetId": "qPb2JbResH",
          "checksum": "0386b6b3d08105de89c6d46cf309f8f4"
        },
        {
          "type": "renderModule",
          "assetId": "91ug9QFmht",
          "checksum": "a0471aad3a8273290d0e420f99ba3485"
        },
        {
          "type": "cssRules",
          "assetId": "91ug9QFmht",
          "checksum": "a0471aad3a8273290d0e420f99ba3485"
        },
        {
          "type": "renderModule",
          "assetId": "EulLIyJN4yh",
          "checksum": "4a85d00ba41ebc2317338f67203a7fe2"
        },
        {
          "type": "cssRules",
          "assetId": "EulLIyJN4yh",
          "checksum": "4a85d00ba41ebc2317338f67203a7fe2"
        },
        {
          "type": "icon",
          "assetId": "UONN3UL-uo",
          "checksum": "a164fe057f8d3d0822b5da7184359cdd"
        },
        {
          "type": "icon",
          "assetId": "AJySRDgPsS",
          "checksum": "238791d1e5576bb06f2d934a489104b2"
        },
        {
          "type": "icon",
          "assetId": "Yckalna_0K",
          "checksum": "fe36112df4d3d376c9b909053b180f62"
        },
        {
          "type": "icon",
          "assetId": "Nt8neZKXZd",
          "checksum": "bf765e3588aee2c1a78083dfbcfe11d7"
        },
        {
          "type": "icon",
          "assetId": "QxZiYMRz9t",
          "checksum": "fb998fffbcc8ca2f3824d4b92eb1361f"
        },
        {
          "type": "icon",
          "assetId": "ocZc0zJD4e",
          "checksum": "c9ac70e3241d00d53de7f663002b4cd3"
        },
        {
          "type": "icon",
          "assetId": "PM2w0MNFGO",
          "checksum": "9739e675da76d2783d6152674802099a"
        },
        {
          "type": "icon",
          "assetId": "mDvO91HulA",
          "checksum": "27010fd93489e3834441c4ec3b1257b8"
        },
        {
          "type": "icon",
          "assetId": "U7FQSaSB7f",
          "checksum": "8f43ebaa055ee2049bb6fdff05f53e79"
        },
        {
          "type": "icon",
          "assetId": "8xoXMqaIfm",
          "checksum": "03402e9513ec822c019522a6f281b97c"
        },
        {
          "type": "icon",
          "assetId": "9lfJoJelkP",
          "checksum": "b2cc6bf4eb29fcbeac459cec5e9b0ea7"
        },
        {
          "type": "icon",
          "assetId": "HfvRcbk1TR3",
          "checksum": "67d18237f80fceaf1fd5a9bec4a52246"
        },
        {
          "type": "icon",
          "assetId": "7HuyzapV0Z1",
          "checksum": "77932c385dd1eab8933ffb40d3659636"
        },
        {
          "type": "icon",
          "assetId": "sZCOU1rWnkY",
          "checksum": "cc6c446de63e0e596c3b353f4505f0a7"
        },
        {
          "type": "icon",
          "assetId": "-60hDGLEU_f",
          "checksum": "40b7b4a31c0c41cc55584b31437ff270"
        },
        {
          "type": "icon",
          "assetId": "hJzbctQmhPt",
          "checksum": "ca476dd96e3c42597a6f5d7ea1974515"
        },
        {
          "type": "icon",
          "assetId": "eRi4tVAczFI",
          "checksum": "003faf7cf561f165ecfb05c63b53409f"
        },
        {
          "type": "icon",
          "assetId": "wPRY1tp8BEb",
          "checksum": "e1c3c6a4fa02fb97c8649f53243e6a2b"
        },
        {
          "type": "icon",
          "assetId": "hfGB16EmxaC",
          "checksum": "76a2fe20d009238d5d607c820bdde16f"
        },
        {
          "type": "icon",
          "assetId": "Io20_rGhpBS",
          "checksum": "565f953fd91c9750f490d886e4c99bbe"
        },
        {
          "type": "icon",
          "assetId": "gDHZvE4LFvE",
          "checksum": "85002936684f30fedc3f92d314bd81b1"
        },
        {
          "type": "icon",
          "assetId": "pvkIxK8J8hH",
          "checksum": "6ebc8030e85d51999331064a898f56ee"
        },
        {
          "type": "icon",
          "assetId": "bbaUeGde-p8",
          "checksum": "19d343bdf2ab3b44b1417e7f645ee7ca"
        },
        {
          "type": "icon",
          "assetId": "YA9Hw7S8ZRq",
          "checksum": "596903e3331aff9dd36124d0623efd00"
        },
        {
          "type": "icon",
          "assetId": "wax6YZN9L",
          "checksum": "a18db061a10d3b6d9fbbb4781d6cc612"
        },
        {
          "type": "icon",
          "assetId": "At0jYymHqD",
          "checksum": "9b05e188b3ebcc69e0e8971b7d2f951b"
        },
        {
          "type": "icon",
          "assetId": "xHzWu7ZjeM",
          "checksum": "bb36ea66d4e305ac12839d2f0886a573"
        },
        {
          "type": "icon",
          "assetId": "yk9iqqSFTw",
          "checksum": "0c61752fd47601898eb8e0acfc160a65"
        },
        {
          "type": "icon",
          "assetId": "Celh43K4X",
          "checksum": "93837749e57fb7abc4a76692cecef8f7"
        },
        {
          "type": "icon",
          "assetId": "mM8vd5AR2a",
          "checksum": "0b13f5a3489b6a04c6b1b40d39ed3a00"
        },
        {
          "type": "icon",
          "assetId": "Ob9JyxHbEA",
          "checksum": "8cba4bf54a962d3f90d453399575feaa"
        },
        {
          "type": "icon",
          "assetId": "jhrBQFI_4k",
          "checksum": "64f70fd54e77433fce94e3647281473d"
        },
        {
          "type": "icon",
          "assetId": "uJlnvwo2GU",
          "checksum": "c313d81dbc5760037c4b5257d0692caf"
        },
        {
          "type": "icon",
          "assetId": "XYcxI3ttQh",
          "checksum": "46040a49db3e54bcbe86bc2490aacee3"
        },
        {
          "type": "icon",
          "assetId": "QA5A4KVZc8",
          "checksum": "3ad6dcfb5b7404f7510f9e533a4cdeea"
        },
        {
          "type": "icon",
          "assetId": "cJVc_dprcE",
          "checksum": "8f12875e6b86b4b3ddeb143ef531dcc3"
        },
        {
          "type": "icon",
          "assetId": "jSWxhDlI9OB",
          "checksum": "864f9263a344a2db99dee2647d2d87a4"
        },
        {
          "type": "icon",
          "assetId": "wPretASgV5m",
          "checksum": "c566cf84193e3b66115c2baf9e2bf2ba"
        },
        {
          "type": "icon",
          "assetId": "ZS7Hk98lF1V",
          "checksum": "ae233a15e22f613217717b24d0924e05"
        },
        {
          "type": "icon",
          "assetId": "bBNQgXhZrhN",
          "checksum": "af0f058415ee4b940aa561af97e839e7"
        },
        {
          "type": "icon",
          "assetId": "sanUNLZ4iUY",
          "checksum": "60ed42b54405bca2368e4e608af872e3"
        },
        {
          "type": "icon",
          "assetId": "-Dcr31U4mNG",
          "checksum": "cc06e2a77da4474d34a42abc4ed01bdb"
        },
        {
          "type": "icon",
          "assetId": "5zy0oBwQ6gf",
          "checksum": "904b71491347b7789eb6115fa7a18bbd"
        },
        {
          "type": "icon",
          "assetId": "7iGLisMMplo",
          "checksum": "5d9c654eaf782782a83991cf81292949"
        },
        {
          "type": "icon",
          "assetId": "pSqGZ7JTE",
          "checksum": "74d686c3ff743f49217da28b5b67eee5"
        },
        {
          "type": "image",
          "assetId": "NIuTt8og7",
          "checksum": "9989b1c6a5bb35b1e2e9a55eb52e9553"
        },
        {
          "type": "image",
          "assetId": "T5Enr-tEs",
          "checksum": "c4f9ef7ea85a3133743ce0dec55dbab4"
        },
        {
          "type": "image",
          "assetId": "znd8XozxYy",
          "checksum": "eada447eb9b05b88c2e7f7cc7c782501"
        },
        {
          "type": "image",
          "assetId": "7J1SZ9huct",
          "checksum": "968d16a88a1b757451e189e4191251b6"
        },
        {
          "type": "image",
          "assetId": "urQs8-w4z7",
          "checksum": "ba9a8fdff54057c9e69015f5d480a8fb"
        },
        {
          "type": "image",
          "assetId": "RuCOi_7Kvt",
          "checksum": "40053282f4c08d7ed3651b54f680cfe7"
        },
        {
          "type": "image",
          "assetId": "P0mKve_ZNU",
          "checksum": "2d62fc6e9595891da5a5b61c5813043f"
        },
        {
          "type": "image",
          "assetId": "0D3mM_uBc6",
          "checksum": "1c7e3abcddd3f86f1e7355e7c921b607"
        },
        {
          "type": "image",
          "assetId": "PVK3Um2W0d",
          "checksum": "36227b00a1c4f37e092957858cfb835b"
        },
        {
          "type": "image",
          "assetId": "P86myHs-mQ",
          "checksum": "12a5b2e29fe6d5af423a9dff8d87727f"
        },
        {
          "type": "image",
          "assetId": "i33kuXqk5B",
          "checksum": "4be17e155f511e20a1b91cc12c856435"
        },
        {
          "type": "image",
          "assetId": "iSr65F7KV9F",
          "checksum": "11af0e7b3476966476fd85b1c8d05ca1"
        },
        {
          "type": "image",
          "assetId": "n6d__THOnPl",
          "checksum": "09a5b6741c7ec95c282dbd48268aba0c"
        },
        {
          "type": "image",
          "assetId": "qhYgMvtJqzq",
          "checksum": "7918622cab3734bb3e9b5e17a519975d"
        },
        {
          "type": "image",
          "assetId": "QT7G3ncvp4s",
          "checksum": "d7c57d832a96454c1e8aecf9d8199537"
        },
        {
          "type": "image",
          "assetId": "dSnsdmuF9o1",
          "checksum": "201d963b812e5013da85bc3a2d25b609"
        },
        {
          "type": "image",
          "assetId": "8NyyuGLlWgY",
          "checksum": "bc6f3b25b1ce2151fa37a958f407329d"
        },
        {
          "type": "image",
          "assetId": "KzcLf7P0Lta",
          "checksum": "7665f41d452f7be9abbb734c21b2e609"
        },
        {
          "type": "image",
          "assetId": "1-NyTDANp",
          "checksum": "fda830da42af5d0a4b48496a8aa7ba0b"
        },
        {
          "type": "image",
          "assetId": "m3T-4wXOhl",
          "checksum": "c76020aa42f86e6e053e4912f241a18a"
        },
        {
          "type": "image",
          "assetId": "g0WdoMJ_Rf",
          "checksum": "2a2701228bd1965874989d185f81fb69"
        },
        {
          "type": "image",
          "assetId": "eB3cd1HGEs",
          "checksum": "d7df07c5a2946d1148f31a4cb6e8f19f"
        },
        {
          "type": "image",
          "assetId": "BeH3ujp9QQ",
          "checksum": "3957000d4120f8624fe86aa4c09a9d94"
        },
        {
          "type": "image",
          "assetId": "EM111Pi4-P",
          "checksum": "2fc8b51c2749c8c0c187c9837f793870"
        },
        {
          "type": "image",
          "assetId": "4VDhkQlJEL",
          "checksum": "8bc92cbab8cf919a37a7cf22775c0ccd"
        },
        {
          "type": "image",
          "assetId": "GWkmvOO9LD",
          "checksum": "33d3e66fac90c936b0838855229a8c53"
        },
        {
          "type": "image",
          "assetId": "WT-uNRRy_0",
          "checksum": "06d8b003fc9e852eb31d79180573fada"
        },
        {
          "type": "image",
          "assetId": "3VzUSh9T_U",
          "checksum": "36da2e5293282a469165b265eb5c83c8"
        },
        {
          "type": "image",
          "assetId": "sUiXnDlvxO",
          "checksum": "831d44da4eacaa1ceea89757457feb7d"
        },
        {
          "type": "image",
          "assetId": "tzP-ZO1Big",
          "checksum": "3e99aa702959dad08de2c8949b26bfa5"
        },
        {
          "type": "image",
          "assetId": "TGNtC9ApQc",
          "checksum": "1bc028e925e4e29b8ec74f7537f6ee0c"
        },
        {
          "type": "image",
          "assetId": "g15Fp11U-V",
          "checksum": "83eace31921ad4413d2ac72d4425b2be"
        },
        {
          "type": "image",
          "assetId": "uww0GiJsFG",
          "checksum": "2acb4c4cff87861d7683f1f2b2d99fbc"
        },
        {
          "type": "image",
          "assetId": "tViwq9YSNc",
          "checksum": "3f6d6364a5f00c256147f9d93dde34e2"
        },
        {
          "type": "image",
          "assetId": "m1CI2Eygo7",
          "checksum": "1846c39bca299dbfc17ab9bc09a49b88"
        },
        {
          "type": "image",
          "assetId": "2acnwTD5ee",
          "checksum": "3232f0af9b89f865153894e7980a62c1"
        },
        {
          "type": "image",
          "assetId": "5so6LW0rKP",
          "checksum": "38d4c3d7e8301e33d873fac07b6b5c1e"
        },
        {
          "type": "image",
          "assetId": "BH3Miz-MNJ",
          "checksum": "046c6e80d1b351a514f75132274a2df3"
        },
        {
          "type": "image",
          "assetId": "6-R7n_cvun",
          "checksum": "5f197af8382a3a3535ea55ed86988022"
        },
        {
          "type": "image",
          "assetId": "kjcDv42FO_",
          "checksum": "964b29f686197550b4ce7a2055abb15d"
        },
        {
          "type": "image",
          "assetId": "_5Bg_twR9S",
          "checksum": "fad2fd31ba832c2711f7aac516c98eeb"
        },
        {
          "type": "image",
          "assetId": "UFhZsWm3-DP",
          "checksum": "454329cbbee8b3a87d7095d892a83167"
        },
        {
          "type": "image",
          "assetId": "JAQvuF_1yPW",
          "checksum": "960f9ee146413106634a263059fa10ad"
        },
        {
          "type": "image",
          "assetId": "joX6yNYbvhx",
          "checksum": "2aa5aeb0277537419332458d21f3e0f2"
        },
        {
          "type": "image",
          "assetId": "iAIt8Roco",
          "checksum": "dce7fc09ccbdd9e4009418090ee541d9"
        }
      ],
      "codegenVersion": "0.0.1"
    }
  ],
  "cliVersion": "0.1.186"
}
